
Microsoft Visual Studio Solution File, Format Version 12.00
# Visual Studio Version 16
VisualStudioVersion = 16.0.31702.278
MinimumVisualStudioVersion = 10.0.40219.1
Project("{FAE04EC0-301F-11D3-BF4B-00C04F79EFBC}") = "Escuela", "Escuela\Escuela.csproj", "{9F242005-86DB-4531-A1E7-9634B9CF967E}"
EndProject
Global
	GlobalSection(SolutionConfigurationPlatforms) = preSolution
		Debug|Any CPU = Debug|Any CPU
		Release|Any CPU = Release|Any CPU
	EndGlobalSection
	GlobalSection(ProjectConfigurationPlatforms) = postSolution
		{9F242005-86DB-4531-A1E7-9634B9CF967E}.Debug|Any CPU.ActiveCfg = Debug|Any CPU
		{9F242005-86DB-4531-A1E7-9634B9CF967E}.Debug|Any CPU.Build.0 = Debug|Any CPU
		{9F242005-86DB-4531-A1E7-9634B9CF967E}.Release|Any CPU.ActiveCfg = Release|Any CPU
		{9F242005-86DB-4531-A1E7-9634B9CF967E}.Release|Any CPU.Build.0 = Release|Any CPU
	EndGlobalSection
	GlobalSection(SolutionProperties) = preSolution
		HideSolutionNode = FALSE
	EndGlobalSection
	GlobalSection(ExtensibilityGlobals) = postSolution
		SolutionGuid = {E86853BF-889D-461D-8545-AEB40406456F}
	EndGlobalSection
EndGlobal
